
Microsoft Visual Studio Solution File, Format Version 12.00
# Visual Studio Version 17
VisualStudioVersion = 17.6.33723.286
MinimumVisualStudioVersion = 10.0.40219.1
Project("{2150E333-8FDC-42A3-9474-1A3956D46DE8}") = "API", "API", "{A8B8A5DE-01FC-4C17-94D5-1041E63D9BF0}"
EndProject
Project("{2150E333-8FDC-42A3-9474-1A3956D46DE8}") = "WEB", "WEB", "{7F6EBC0C-E9CF-44C6-BE90-5A8E4894B94A}"
EndProject
Project("{2150E333-8FDC-42A3-9474-1A3956D46DE8}") = "TESTE", "TESTE", "{09486760-9FA9-4679-B0A3-8FB1689C1E04}"
EndProject
Project("{2150E333-8FDC-42A3-9474-1A3956D46DE8}") = "MODEL", "MODEL", "{175F7750-7222-4C2A-9B97-DE972C22BA86}"
EndProject
Project("{2150E333-8FDC-42A3-9474-1A3956D46DE8}") = "INFRA", "INFRA", "{F4639EAA-E0C6-4FD8-9586-28872040D6D1}"
EndProject
Project("{2150E333-8FDC-42A3-9474-1A3956D46DE8}") = "SERVICES", "SERVICES", "{07C8FCCE-D488-466A-891B-72AD3DBE447D}"
EndProject
Project("{9A19103F-16F7-4668-BE54-9A1E7A4F7556}") = "CadastroCliente.Model", "CadastroCliente.Model\CadastroCliente.Model.csproj", "{36674E71-260E-4B95-A15C-C8D7DB4F44A2}"
EndProject
Project("{9A19103F-16F7-4668-BE54-9A1E7A4F7556}") = "CadastroCliente.Infra", "CadastroCliente.Infra\CadastroCliente.Infra.csproj", "{5C33F843-F1C6-4158-A4FF-97A1AE2B9728}"
EndProject
Project("{9A19103F-16F7-4668-BE54-9A1E7A4F7556}") = "CadastroCliente.Services", "CadastroCliente.Services\CadastroCliente.Services.csproj", "{334CDF5A-3CF8-4A4E-80C5-302D57610BE3}"
EndProject
Project("{9A19103F-16F7-4668-BE54-9A1E7A4F7556}") = "CadastroCliente.Api", "CadastroCliente.Api\CadastroCliente.Api.csproj", "{205AF098-FCC0-4B50-A76E-118A39BDF38C}"
EndProject
Project("{9A19103F-16F7-4668-BE54-9A1E7A4F7556}") = "CadastroCliente.Web", "CadastroCliente.Web\CadastroCliente.Web.csproj", "{87337767-C37F-4A37-8026-4F86F97F2DF9}"
EndProject
Project("{FAE04EC0-301F-11D3-BF4B-00C04F79EFBC}") = "CadastroCliente.Test", "CadastroCliente.Test\CadastroCliente.Test.csproj", "{0C770F8B-663F-41F1-BFAE-3F6C6FB1971C}"
EndProject
Global
	GlobalSection(SolutionConfigurationPlatforms) = preSolution
		Debug|Any CPU = Debug|Any CPU
		Release|Any CPU = Release|Any CPU
	EndGlobalSection
	GlobalSection(ProjectConfigurationPlatforms) = postSolution
		{36674E71-260E-4B95-A15C-C8D7DB4F44A2}.Debug|Any CPU.ActiveCfg = Debug|Any CPU
		{36674E71-260E-4B95-A15C-C8D7DB4F44A2}.Debug|Any CPU.Build.0 = Debug|Any CPU
		{36674E71-260E-4B95-A15C-C8D7DB4F44A2}.Release|Any CPU.ActiveCfg = Release|Any CPU
		{36674E71-260E-4B95-A15C-C8D7DB4F44A2}.Release|Any CPU.Build.0 = Release|Any CPU
		{5C33F843-F1C6-4158-A4FF-97A1AE2B9728}.Debug|Any CPU.ActiveCfg = Debug|Any CPU
		{5C33F843-F1C6-4158-A4FF-97A1AE2B9728}.Debug|Any CPU.Build.0 = Debug|Any CPU
		{5C33F843-F1C6-4158-A4FF-97A1AE2B9728}.Release|Any CPU.ActiveCfg = Release|Any CPU
		{5C33F843-F1C6-4158-A4FF-97A1AE2B9728}.Release|Any CPU.Build.0 = Release|Any CPU
		{334CDF5A-3CF8-4A4E-80C5-302D57610BE3}.Debug|Any CPU.ActiveCfg = Debug|Any CPU
		{334CDF5A-3CF8-4A4E-80C5-302D57610BE3}.Debug|Any CPU.Build.0 = Debug|Any CPU
		{334CDF5A-3CF8-4A4E-80C5-302D57610BE3}.Release|Any CPU.ActiveCfg = Release|Any CPU
		{334CDF5A-3CF8-4A4E-80C5-302D57610BE3}.Release|Any CPU.Build.0 = Release|Any CPU
		{205AF098-FCC0-4B50-A76E-118A39BDF38C}.Debug|Any CPU.ActiveCfg = Debug|Any CPU
		{205AF098-FCC0-4B50-A76E-118A39BDF38C}.Debug|Any CPU.Build.0 = Debug|Any CPU
		{205AF098-FCC0-4B50-A76E-118A39BDF38C}.Release|Any CPU.ActiveCfg = Release|Any CPU
		{205AF098-FCC0-4B50-A76E-118A39BDF38C}.Release|Any CPU.Build.0 = Release|Any CPU
		{87337767-C37F-4A37-8026-4F86F97F2DF9}.Debug|Any CPU.ActiveCfg = Debug|Any CPU
		{87337767-C37F-4A37-8026-4F86F97F2DF9}.Debug|Any CPU.Build.0 = Debug|Any CPU
		{87337767-C37F-4A37-8026-4F86F97F2DF9}.Release|Any CPU.ActiveCfg = Release|Any CPU
		{87337767-C37F-4A37-8026-4F86F97F2DF9}.Release|Any CPU.Build.0 = Release|Any CPU
		{0C770F8B-663F-41F1-BFAE-3F6C6FB1971C}.Debug|Any CPU.ActiveCfg = Debug|Any CPU
		{0C770F8B-663F-41F1-BFAE-3F6C6FB1971C}.Debug|Any CPU.Build.0 = Debug|Any CPU
		{0C770F8B-663F-41F1-BFAE-3F6C6FB1971C}.Release|Any CPU.ActiveCfg = Release|Any CPU
		{0C770F8B-663F-41F1-BFAE-3F6C6FB1971C}.Release|Any CPU.Build.0 = Release|Any CPU
	EndGlobalSection
	GlobalSection(SolutionProperties) = preSolution
		HideSolutionNode = FALSE
	EndGlobalSection
	GlobalSection(NestedProjects) = preSolution
		{36674E71-260E-4B95-A15C-C8D7DB4F44A2} = {175F7750-7222-4C2A-9B97-DE972C22BA86}
		{5C33F843-F1C6-4158-A4FF-97A1AE2B9728} = {F4639EAA-E0C6-4FD8-9586-28872040D6D1}
		{334CDF5A-3CF8-4A4E-80C5-302D57610BE3} = {07C8FCCE-D488-466A-891B-72AD3DBE447D}
		{205AF098-FCC0-4B50-A76E-118A39BDF38C} = {A8B8A5DE-01FC-4C17-94D5-1041E63D9BF0}
		{87337767-C37F-4A37-8026-4F86F97F2DF9} = {7F6EBC0C-E9CF-44C6-BE90-5A8E4894B94A}
		{0C770F8B-663F-41F1-BFAE-3F6C6FB1971C} = {09486760-9FA9-4679-B0A3-8FB1689C1E04}
	EndGlobalSection
	GlobalSection(ExtensibilityGlobals) = postSolution
		SolutionGuid = {399036CE-8088-4207-9C8C-647B8D379FEB}
	EndGlobalSection
EndGlobal
